
Microsoft Visual Studio Solution File, Format Version 12.00
# Visual Studio Version 16
VisualStudioVersion = 16.0.31729.503
MinimumVisualStudioVersion = 10.0.40219.1
Project("{2150E333-8FDC-42A3-9474-1A3956D46DE8}") = "Application", "Application", "{D0109D57-D556-4796-B324-35FCD7C980B8}"
EndProject
Project("{2150E333-8FDC-42A3-9474-1A3956D46DE8}") = "Domain", "Domain", "{30FD9957-1CEC-4825-AF17-0DA091367239}"
EndProject
Project("{2150E333-8FDC-42A3-9474-1A3956D46DE8}") = "Infra.IoC", "Infra.IoC", "{21A12846-9179-48B8-8386-CD9D5D8B347D}"
EndProject
Project("{2150E333-8FDC-42A3-9474-1A3956D46DE8}") = "Infra.Data", "Infra.Data", "{5661A110-782B-4E1D-8208-CB625BC749CE}"
EndProject
Project("{2150E333-8FDC-42A3-9474-1A3956D46DE8}") = "Presentation", "Presentation", "{6E0B35AC-578A-4337-A248-C30D6CD2633C}"
EndProject
Project("{9A19103F-16F7-4668-BE54-9A1E7A4F7556}") = "CleanArch.MVC", "CleanArch.MVC\CleanArch.MVC.csproj", "{1A505018-0FCB-419E-A9F4-432E61E3703F}"
EndProject
Project("{9A19103F-16F7-4668-BE54-9A1E7A4F7556}") = "CleanArch.Domain", "CleanArch.Domain\CleanArch.Domain.csproj", "{F7917907-AD73-4D56-A3EB-95AFF94E4232}"
EndProject
Project("{9A19103F-16F7-4668-BE54-9A1E7A4F7556}") = "CleanArch.Infra.Data", "CleanArch.Infra.Data\CleanArch.Infra.Data.csproj", "{A0AACDE3-2FF9-4EE7-9F02-A930E6D95BDF}"
EndProject
Project("{9A19103F-16F7-4668-BE54-9A1E7A4F7556}") = "CleanArch.Application", "CleanArch.Application\CleanArch.Application.csproj", "{8B9FF0E4-BF02-427E-8ED2-7408D909C7C8}"
EndProject
Project("{9A19103F-16F7-4668-BE54-9A1E7A4F7556}") = "CleanArch.Infra.IoC", "CleanArch.Infra.IoC\CleanArch.Infra.IoC.csproj", "{5FE9C1AC-1FD8-4418-895A-FC57B30350F9}"
EndProject
Project("{2150E333-8FDC-42A3-9474-1A3956D46DE8}") = "Infra.Bus", "Infra.Bus", "{4BF9EA7D-A044-4FF2-ACC7-329C02122669}"
EndProject
Project("{2150E333-8FDC-42A3-9474-1A3956D46DE8}") = "Api", "Api", "{250F123E-CCB0-4ACB-B69F-3DA2E0A4ECA9}"
EndProject
Project("{FAE04EC0-301F-11D3-BF4B-00C04F79EFBC}") = "CleanArch.Infra.Bus", "CleanArch.Infra.Bus\CleanArch.Infra.Bus.csproj", "{F32613B4-D57C-4433-BC6A-A4D52F841F9F}"
EndProject
Project("{FAE04EC0-301F-11D3-BF4B-00C04F79EFBC}") = "CleanArch.Domain.Core", "CleanArch.Domain.Core\CleanArch.Domain.Core.csproj", "{9FC35D7E-87A8-42DA-841C-D244B92A9172}"
EndProject
Project("{FAE04EC0-301F-11D3-BF4B-00C04F79EFBC}") = "CleanArch.Api", "CleanArch.Api\CleanArch.Api.csproj", "{4302CAD5-4A93-4DA2-A856-36B92106C202}"
EndProject
Global
	GlobalSection(SolutionConfigurationPlatforms) = preSolution
		Debug|Any CPU = Debug|Any CPU
		Release|Any CPU = Release|Any CPU
	EndGlobalSection
	GlobalSection(ProjectConfigurationPlatforms) = postSolution
		{1A505018-0FCB-419E-A9F4-432E61E3703F}.Debug|Any CPU.ActiveCfg = Debug|Any CPU
		{1A505018-0FCB-419E-A9F4-432E61E3703F}.Debug|Any CPU.Build.0 = Debug|Any CPU
		{1A505018-0FCB-419E-A9F4-432E61E3703F}.Release|Any CPU.ActiveCfg = Release|Any CPU
		{1A505018-0FCB-419E-A9F4-432E61E3703F}.Release|Any CPU.Build.0 = Release|Any CPU
		{F7917907-AD73-4D56-A3EB-95AFF94E4232}.Debug|Any CPU.ActiveCfg = Debug|Any CPU
		{F7917907-AD73-4D56-A3EB-95AFF94E4232}.Debug|Any CPU.Build.0 = Debug|Any CPU
		{F7917907-AD73-4D56-A3EB-95AFF94E4232}.Release|Any CPU.ActiveCfg = Release|Any CPU
		{F7917907-AD73-4D56-A3EB-95AFF94E4232}.Release|Any CPU.Build.0 = Release|Any CPU
		{A0AACDE3-2FF9-4EE7-9F02-A930E6D95BDF}.Debug|Any CPU.ActiveCfg = Debug|Any CPU
		{A0AACDE3-2FF9-4EE7-9F02-A930E6D95BDF}.Debug|Any CPU.Build.0 = Debug|Any CPU
		{A0AACDE3-2FF9-4EE7-9F02-A930E6D95BDF}.Release|Any CPU.ActiveCfg = Release|Any CPU
		{A0AACDE3-2FF9-4EE7-9F02-A930E6D95BDF}.Release|Any CPU.Build.0 = Release|Any CPU
		{8B9FF0E4-BF02-427E-8ED2-7408D909C7C8}.Debug|Any CPU.ActiveCfg = Debug|Any CPU
		{8B9FF0E4-BF02-427E-8ED2-7408D909C7C8}.Debug|Any CPU.Build.0 = Debug|Any CPU
		{8B9FF0E4-BF02-427E-8ED2-7408D909C7C8}.Release|Any CPU.ActiveCfg = Release|Any CPU
		{8B9FF0E4-BF02-427E-8ED2-7408D909C7C8}.Release|Any CPU.Build.0 = Release|Any CPU
		{5FE9C1AC-1FD8-4418-895A-FC57B30350F9}.Debug|Any CPU.ActiveCfg = Debug|Any CPU
		{5FE9C1AC-1FD8-4418-895A-FC57B30350F9}.Debug|Any CPU.Build.0 = Debug|Any CPU
		{5FE9C1AC-1FD8-4418-895A-FC57B30350F9}.Release|Any CPU.ActiveCfg = Release|Any CPU
		{5FE9C1AC-1FD8-4418-895A-FC57B30350F9}.Release|Any CPU.Build.0 = Release|Any CPU
		{F32613B4-D57C-4433-BC6A-A4D52F841F9F}.Debug|Any CPU.ActiveCfg = Debug|Any CPU
		{F32613B4-D57C-4433-BC6A-A4D52F841F9F}.Debug|Any CPU.Build.0 = Debug|Any CPU
		{F32613B4-D57C-4433-BC6A-A4D52F841F9F}.Release|Any CPU.ActiveCfg = Release|Any CPU
		{F32613B4-D57C-4433-BC6A-A4D52F841F9F}.Release|Any CPU.Build.0 = Release|Any CPU
		{9FC35D7E-87A8-42DA-841C-D244B92A9172}.Debug|Any CPU.ActiveCfg = Debug|Any CPU
		{9FC35D7E-87A8-42DA-841C-D244B92A9172}.Debug|Any CPU.Build.0 = Debug|Any CPU
		{9FC35D7E-87A8-42DA-841C-D244B92A9172}.Release|Any CPU.ActiveCfg = Release|Any CPU
		{9FC35D7E-87A8-42DA-841C-D244B92A9172}.Release|Any CPU.Build.0 = Release|Any CPU
		{4302CAD5-4A93-4DA2-A856-36B92106C202}.Debug|Any CPU.ActiveCfg = Debug|Any CPU
		{4302CAD5-4A93-4DA2-A856-36B92106C202}.Debug|Any CPU.Build.0 = Debug|Any CPU
		{4302CAD5-4A93-4DA2-A856-36B92106C202}.Release|Any CPU.ActiveCfg = Release|Any CPU
		{4302CAD5-4A93-4DA2-A856-36B92106C202}.Release|Any CPU.Build.0 = Release|Any CPU
	EndGlobalSection
	GlobalSection(SolutionProperties) = preSolution
		HideSolutionNode = FALSE
	EndGlobalSection
	GlobalSection(NestedProjects) = preSolution
		{1A505018-0FCB-419E-A9F4-432E61E3703F} = {6E0B35AC-578A-4337-A248-C30D6CD2633C}
		{F7917907-AD73-4D56-A3EB-95AFF94E4232} = {30FD9957-1CEC-4825-AF17-0DA091367239}
		{A0AACDE3-2FF9-4EE7-9F02-A930E6D95BDF} = {5661A110-782B-4E1D-8208-CB625BC749CE}
		{8B9FF0E4-BF02-427E-8ED2-7408D909C7C8} = {D0109D57-D556-4796-B324-35FCD7C980B8}
		{5FE9C1AC-1FD8-4418-895A-FC57B30350F9} = {21A12846-9179-48B8-8386-CD9D5D8B347D}
		{F32613B4-D57C-4433-BC6A-A4D52F841F9F} = {4BF9EA7D-A044-4FF2-ACC7-329C02122669}
		{9FC35D7E-87A8-42DA-841C-D244B92A9172} = {30FD9957-1CEC-4825-AF17-0DA091367239}
		{4302CAD5-4A93-4DA2-A856-36B92106C202} = {250F123E-CCB0-4ACB-B69F-3DA2E0A4ECA9}
	EndGlobalSection
	GlobalSection(ExtensibilityGlobals) = postSolution
		SolutionGuid = {90B4EFA5-A07F-42AE-B7D3-D1E4B4A3901D}
	EndGlobalSection
EndGlobal
